{
  "version": "5",
  "specifiers": {
    "jsr:@deno/installer-shell-setup@*": "0.3.4"
  },
  "jsr": {
    "@deno/installer-shell-setup@0.3.4": {
      "integrity": "48665d1a737d487cce6874bc97bba70a5aeffa7053aca3f60df93c6fab8963b4"
    }
  },
  "workspace": {
    "packageJson": {
      "dependencies": [
        "npm:@supabase/ssr@~0.5.2",
        "npm:@supabase/supabase-js@^2.47.12",
        "npm:@types/node@22",
        "npm:@types/react-dom@19",
        "npm:@types/react@19",
        "npm:autoprefixer@^10.6.1",
        "npm:eslint-config-next@15.1.11",
        "npm:eslint@9",
        "npm:next@15.1.11",
        "npm:postcss@^8.4.0",
        "npm:react-dom@^19.0.1",
        "npm:react@^19.0.1",
        "npm:tailwindcss@^3.4.0",
        "npm:typescript@5"
      ]
    }
  }
}
